# This file is automatically @generated by Cargo.
# It is not intended for manual editing.
version = 4

[[package]]
name = "glob-inner"
version = "0.1.0"

[[package]]
name = "glob-source"
version = "0.1.0"
dependencies = [
 "glob-inner",
]

[[package]]
name = "named-source"
version = "0.1.0"

[[package]]
name = "test-fixture"
version = "0.1.0"
dependencies = [
 "glob-source",
 "named-source",
]
